
Microsoft Visual Studio Solution File, Format Version 12.00
# Visual Studio Version 17
VisualStudioVersion = 17.4.33205.214
MinimumVisualStudioVersion = 10.0.40219.1
Project("{888888A0-9F3D-457C-B088-3A5042F75D52}") = "Numegoloogia_Nime_arv.Tsugunov", "Numegoloogia_Nime_arv.Tsugunov\Numegoloogia_Nime_arv.Tsugunov.pyproj", "{34B510BD-DFAA-44A3-8091-26C0D51D4369}"
EndProject
Global
	GlobalSection(SolutionConfigurationPlatforms) = preSolution
		Debug|Any CPU = Debug|Any CPU
		Release|Any CPU = Release|Any CPU
	EndGlobalSection
	GlobalSection(ProjectConfigurationPlatforms) = postSolution
		{34B510BD-DFAA-44A3-8091-26C0D51D4369}.Debug|Any CPU.ActiveCfg = Debug|Any CPU
		{34B510BD-DFAA-44A3-8091-26C0D51D4369}.Release|Any CPU.ActiveCfg = Release|Any CPU
	EndGlobalSection
	GlobalSection(SolutionProperties) = preSolution
		HideSolutionNode = FALSE
	EndGlobalSection
	GlobalSection(ExtensibilityGlobals) = postSolution
		SolutionGuid = {ADBAAA77-8BAD-4778-9B88-63F1A8194576}
	EndGlobalSection
EndGlobal
